
Microsoft Visual Studio Solution File, Format Version 12.00
# Visual Studio Version 17
VisualStudioVersion = 17.10.34928.147
MinimumVisualStudioVersion = 10.0.40219.1
Project("{9A19103F-16F7-4668-BE54-9A1E7A4F7556}") = "HackerNews.API", "HackerNews.API\HackerNews.API.csproj", "{EDA4534E-7BA6-46AE-8D59-846D4E60997B}"
EndProject
Project("{9A19103F-16F7-4668-BE54-9A1E7A4F7556}") = "HackerNews.API.Tests", "HackerNews.API.Tests\HackerNews.API.Tests.csproj", "{EE704EE1-6D47-48E0-8BC4-4B1B907301F0}"
EndProject
Project("{FAE04EC0-301F-11D3-BF4B-00C04F79EFBC}") = "HackerNews.API.Data", "HackerNews.API.Data\HackerNews.API.Data.csproj", "{1B48856A-9843-4CC1-8705-5EC7624302E7}"
EndProject
Project("{FAE04EC0-301F-11D3-BF4B-00C04F79EFBC}") = "HackerNews.API.Service", "HackerNews.API.Service\HackerNews.API.Service.csproj", "{3C421874-E29F-488F-A8E9-1C8F61456BBE}"
EndProject
Project("{FAE04EC0-301F-11D3-BF4B-00C04F79EFBC}") = "HackerNews.API.Service.Tests", "HackerNews.API.Service.Tests\HackerNews.API.Service.Tests.csproj", "{69EC35BB-A5BE-4FB9-B22E-1E15452A82E9}"
EndProject
Global
	GlobalSection(SolutionConfigurationPlatforms) = preSolution
		Debug|Any CPU = Debug|Any CPU
		Release|Any CPU = Release|Any CPU
	EndGlobalSection
	GlobalSection(ProjectConfigurationPlatforms) = postSolution
		{EDA4534E-7BA6-46AE-8D59-846D4E60997B}.Debug|Any CPU.ActiveCfg = Debug|Any CPU
		{EDA4534E-7BA6-46AE-8D59-846D4E60997B}.Debug|Any CPU.Build.0 = Debug|Any CPU
		{EDA4534E-7BA6-46AE-8D59-846D4E60997B}.Release|Any CPU.ActiveCfg = Release|Any CPU
		{EDA4534E-7BA6-46AE-8D59-846D4E60997B}.Release|Any CPU.Build.0 = Release|Any CPU
		{EE704EE1-6D47-48E0-8BC4-4B1B907301F0}.Debug|Any CPU.ActiveCfg = Debug|Any CPU
		{EE704EE1-6D47-48E0-8BC4-4B1B907301F0}.Debug|Any CPU.Build.0 = Debug|Any CPU
		{EE704EE1-6D47-48E0-8BC4-4B1B907301F0}.Release|Any CPU.ActiveCfg = Release|Any CPU
		{EE704EE1-6D47-48E0-8BC4-4B1B907301F0}.Release|Any CPU.Build.0 = Release|Any CPU
		{1B48856A-9843-4CC1-8705-5EC7624302E7}.Debug|Any CPU.ActiveCfg = Debug|Any CPU
		{1B48856A-9843-4CC1-8705-5EC7624302E7}.Debug|Any CPU.Build.0 = Debug|Any CPU
		{1B48856A-9843-4CC1-8705-5EC7624302E7}.Release|Any CPU.ActiveCfg = Release|Any CPU
		{1B48856A-9843-4CC1-8705-5EC7624302E7}.Release|Any CPU.Build.0 = Release|Any CPU
		{3C421874-E29F-488F-A8E9-1C8F61456BBE}.Debug|Any CPU.ActiveCfg = Debug|Any CPU
		{3C421874-E29F-488F-A8E9-1C8F61456BBE}.Debug|Any CPU.Build.0 = Debug|Any CPU
		{3C421874-E29F-488F-A8E9-1C8F61456BBE}.Release|Any CPU.ActiveCfg = Release|Any CPU
		{3C421874-E29F-488F-A8E9-1C8F61456BBE}.Release|Any CPU.Build.0 = Release|Any CPU
		{69EC35BB-A5BE-4FB9-B22E-1E15452A82E9}.Debug|Any CPU.ActiveCfg = Debug|Any CPU
		{69EC35BB-A5BE-4FB9-B22E-1E15452A82E9}.Debug|Any CPU.Build.0 = Debug|Any CPU
		{69EC35BB-A5BE-4FB9-B22E-1E15452A82E9}.Release|Any CPU.ActiveCfg = Release|Any CPU
		{69EC35BB-A5BE-4FB9-B22E-1E15452A82E9}.Release|Any CPU.Build.0 = Release|Any CPU
	EndGlobalSection
	GlobalSection(SolutionProperties) = preSolution
		HideSolutionNode = FALSE
	EndGlobalSection
	GlobalSection(ExtensibilityGlobals) = postSolution
		SolutionGuid = {0B5EA07A-7DF0-4179-BC32-10DE92092740}
	EndGlobalSection
EndGlobal
